
Microsoft Visual Studio Solution File, Format Version 12.00
# Visual Studio 15
VisualStudioVersion = 15.0.28307.2092
MinimumVisualStudioVersion = 10.0.40219.1
Project("{9A19103F-16F7-4668-BE54-9A1E7A4F7556}") = "AgendaSemMVC", "AgendaSemMVC\AgendaSemMVC.csproj", "{A8F6327E-8B01-43A4-AD36-26C3E0FFF330}"
EndProject
Project("{9A19103F-16F7-4668-BE54-9A1E7A4F7556}") = "AgendaAPI", "AgendaAPI\AgendaAPI.csproj", "{99308327-316C-433C-B89A-3E12D4B7A1C8}"
EndProject
Project("{9A19103F-16F7-4668-BE54-9A1E7A4F7556}") = "AgendaMVC", "..\AgendaMVC\AgendaMVC\AgendaMVC.csproj", "{55EF29B7-86A9-4291-AF4C-27A4A4B0EB42}"
EndProject
Global
	GlobalSection(SolutionConfigurationPlatforms) = preSolution
		Debug|Any CPU = Debug|Any CPU
		Release|Any CPU = Release|Any CPU
	EndGlobalSection
	GlobalSection(ProjectConfigurationPlatforms) = postSolution
		{A8F6327E-8B01-43A4-AD36-26C3E0FFF330}.Debug|Any CPU.ActiveCfg = Debug|Any CPU
		{A8F6327E-8B01-43A4-AD36-26C3E0FFF330}.Debug|Any CPU.Build.0 = Debug|Any CPU
		{A8F6327E-8B01-43A4-AD36-26C3E0FFF330}.Release|Any CPU.ActiveCfg = Release|Any CPU
		{A8F6327E-8B01-43A4-AD36-26C3E0FFF330}.Release|Any CPU.Build.0 = Release|Any CPU
		{99308327-316C-433C-B89A-3E12D4B7A1C8}.Debug|Any CPU.ActiveCfg = Debug|Any CPU
		{99308327-316C-433C-B89A-3E12D4B7A1C8}.Debug|Any CPU.Build.0 = Debug|Any CPU
		{99308327-316C-433C-B89A-3E12D4B7A1C8}.Release|Any CPU.ActiveCfg = Release|Any CPU
		{99308327-316C-433C-B89A-3E12D4B7A1C8}.Release|Any CPU.Build.0 = Release|Any CPU
		{55EF29B7-86A9-4291-AF4C-27A4A4B0EB42}.Debug|Any CPU.ActiveCfg = Debug|Any CPU
		{55EF29B7-86A9-4291-AF4C-27A4A4B0EB42}.Debug|Any CPU.Build.0 = Debug|Any CPU
		{55EF29B7-86A9-4291-AF4C-27A4A4B0EB42}.Release|Any CPU.ActiveCfg = Release|Any CPU
		{55EF29B7-86A9-4291-AF4C-27A4A4B0EB42}.Release|Any CPU.Build.0 = Release|Any CPU
	EndGlobalSection
	GlobalSection(SolutionProperties) = preSolution
		HideSolutionNode = FALSE
	EndGlobalSection
	GlobalSection(ExtensibilityGlobals) = postSolution
		SolutionGuid = {E9A6601E-0FA9-4052-9B8E-00FDEC51D46E}
	EndGlobalSection
EndGlobal
